// !$*UTF8*$!
{
	archiveVersion = 1;
	classes = {
	};
	objectVersion = 48;
	objects = {

/* Begin PBXBuildFile section */
		A51A5F9A201EDB9400803B61 /* Alert.swift in Sources */ = {isa = PBXBuildFile; fileRef = A51A5F99201EDB9400803B61 /* Alert.swift */; };
		A5AF91B5201D00FB00BC68D5 /* AppDelegate.swift in Sources */ = {isa = PBXBuildFile; fileRef = A5AF91B4201D00FB00BC68D5 /* AppDelegate.swift */; };
		A5AF91B7201D00FB00BC68D5 /* SearchViewController.swift in Sources */ = {isa = PBXBuildFile; fileRef = A5AF91B6201D00FB00BC68D5 /* SearchViewController.swift */; };
		A5AF91BA201D00FB00BC68D5 /* Main.storyboard in Resources */ = {isa = PBXBuildFile; fileRef = A5AF91B8201D00FB00BC68D5 /* Main.storyboard */; };
		A5AF91BC201D00FB00BC68D5 /* Assets.xcassets in Resources */ = {isa = PBXBuildFile; fileRef = A5AF91BB201D00FB00BC68D5 /* Assets.xcassets */; };
		A5AF91BF201D00FB00BC68D5 /* LaunchScreen.storyboard in Resources */ = {isa = PBXBuildFile; fileRef = A5AF91BD201D00FB00BC68D5 /* LaunchScreen.storyboard */; };
		A5AF91C7201D185500BC68D5 /* SearchResult.swift in Sources */ = {isa = PBXBuildFile; fileRef = A5AF91C6201D185500BC68D5 /* SearchResult.swift */; };
		A5AF91C9201D815900BC68D5 /* SearchResultCell.xib in Resources */ = {isa = PBXBuildFile; fileRef = A5AF91C8201D815900BC68D5 /* SearchResultCell.xib */; };
		A5AF91CB201D8E7300BC68D5 /* SearchResultCell.swift in Sources */ = {isa = PBXBuildFile; fileRef = A5AF91CA201D8E7300BC68D5 /* SearchResultCell.swift */; };
		A5AF91CD201E8B4B00BC68D5 /* NothingFoundCell.xib in Resources */ = {isa = PBXBuildFile; fileRef = A5AF91CC201E8B4B00BC68D5 /* NothingFoundCell.xib */; };
/* End PBXBuildFile section */

/* Begin PBXFileReference section */
		A51A5F99201EDB9400803B61 /* Alert.swift */ = {isa = PBXFileReference; lastKnownFileType = sourcecode.swift; path = Alert.swift; sourceTree = "<group>"; };
		A5AF91B1201D00FB00BC68D5 /* StoreSearch.app */ = {isa = PBXFileReference; explicitFileType = wrapper.application; includeInIndex = 0; path = StoreSearch.app; sourceTree = BUILT_PRODUCTS_DIR; };
		A5AF91B4201D00FB00BC68D5 /* AppDelegate.swift */ = {isa = PBXFileReference; lastKnownFileType = sourcecode.swift; path = AppDelegate.swift; sourceTree = "<group>"; };
		A5AF91B6201D00FB00BC68D5 /* SearchViewController.swift */ = {isa = PBXFileReference; lastKnownFileType = sourcecode.swift; path = SearchViewController.swift; sourceTree = "<group>"; };
		A5AF91B9201D00FB00BC68D5 /* Base */ = {isa = PBXFileReference; lastKnownFileType = file.storyboard; name = Base; path = Base.lproj/Main.storyboard; sourceTree = "<group>"; };
		A5AF91BB201D00FB00BC68D5 /* Assets.xcassets */ = {isa = PBXFileReference; lastKnownFileType = folder.assetcatalog; path = Assets.xcassets; sourceTree = "<group>"; };
		A5AF91BE201D00FB00BC68D5 /* Base */ = {isa = PBXFileReference; lastKnownFileType = file.storyboard; name = Base; path = Base.lproj/LaunchScreen.storyboard; sourceTree = "<group>"; };
		A5AF91C0201D00FB00BC68D5 /* Info.plist */ = {isa = PBXFileReference; lastKnownFileType = text.plist.xml; path = Info.plist; sourceTree = "<group>"; };
		A5AF91C6201D185500BC68D5 /* SearchResult.swift */ = {isa = PBXFileReference; lastKnownFileType = sourcecode.swift; path = SearchResult.swift; sourceTree = "<group>"; };
		A5AF91C8201D815900BC68D5 /* SearchResultCell.xib */ = {isa = PBXFileReference; lastKnownFileType = file.xib; path = SearchResultCell.xib; sourceTree = "<group>"; };
		A5AF91CA201D8E7300BC68D5 /* SearchResultCell.swift */ = {isa = PBXFileReference; lastKnownFileType = sourcecode.swift; path = SearchResultCell.swift; sourceTree = "<group>"; };
		A5AF91CC201E8B4B00BC68D5 /* NothingFoundCell.xib */ = {isa = PBXFileReference; lastKnownFileType = file.xib; path = NothingFoundCell.xib; sourceTree = "<group>"; };
/* End PBXFileReference section */

/* Begin PBXFrameworksBuildPhase section */
		A5AF91AE201D00FB00BC68D5 /* Frameworks */ = {
			isa = PBXFrameworksBuildPhase;
			buildActionMask = 2147483647;
			files = (
			);
			runOnlyForDeploymentPostprocessing = 0;
		};
/* End PBXFrameworksBuildPhase section */

/* Begin PBXGroup section */
		A5AF91A8201D00FB00BC68D5 = {
			isa = PBXGroup;
			children = (
				A5AF91B3201D00FB00BC68D5 /* StoreSearch */,
				A5AF91B2201D00FB00BC68D5 /* Products */,
			);
			sourceTree = "<group>";
		};
		A5AF91B2201D00FB00BC68D5 /* Products */ = {
			isa = PBXGroup;
			children = (
				A5AF91B1201D00FB00BC68D5 /* StoreSearch.app */,
			);
			name = Products;
			sourceTree = "<group>";
		};
		A5AF91B3201D00FB00BC68D5 /* StoreSearch */ = {
			isa = PBXGroup;
			children = (
				A5AF91B4201D00FB00BC68D5 /* AppDelegate.swift */,
				A5AF91B6201D00FB00BC68D5 /* SearchViewController.swift */,
				A5AF91B8201D00FB00BC68D5 /* Main.storyboard */,
				A5AF91BB201D00FB00BC68D5 /* Assets.xcassets */,
				A5AF91BD201D00FB00BC68D5 /* LaunchScreen.storyboard */,
				A5AF91C0201D00FB00BC68D5 /* Info.plist */,
				A5AF91C6201D185500BC68D5 /* SearchResult.swift */,
				A5AF91C8201D815900BC68D5 /* SearchResultCell.xib */,
				A5AF91CA201D8E7300BC68D5 /* SearchResultCell.swift */,
				A5AF91CC201E8B4B00BC68D5 /* NothingFoundCell.xib */,
				A51A5F99201EDB9400803B61 /* Alert.swift */,
			);
			path = StoreSearch;
			sourceTree = "<group>";
		};
/* End PBXGroup section */

/* Begin PBXNativeTarget section */
		A5AF91B0201D00FB00BC68D5 /* StoreSearch */ = {
			isa = PBXNativeTarget;
			buildConfigurationList = A5AF91C3201D00FB00BC68D5 /* Build configuration list for PBXNativeTarget "StoreSearch" */;
			buildPhases = (
				A5AF91AD201D00FB00BC68D5 /* Sources */,
				A5AF91AE201D00FB00BC68D5 /* Frameworks */,
				A5AF91AF201D00FB00BC68D5 /* Resources */,
			);
			buildRules = (
			);
			dependencies = (
			);
			name = StoreSearch;
			productName = StoreSearch;
			productReference = A5AF91B1201D00FB00BC68D5 /* StoreSearch.app */;
			productType = "com.apple.product-type.application";
		};
/* End PBXNativeTarget section */

/* Begin PBXProject section */
		A5AF91A9201D00FB00BC68D5 /* Project object */ = {
			isa = PBXProject;
			attributes = {
				LastSwiftUpdateCheck = 0920;
				LastUpgradeCheck = 0920;
				ORGANIZATIONNAME = "Rui Mao";
				TargetAttributes = {
					A5AF91B0201D00FB00BC68D5 = {
						CreatedOnToolsVersion = 9.2;
						ProvisioningStyle = Automatic;
					};
				};
			};
			buildConfigurationList = A5AF91AC201D00FB00BC68D5 /* Build configuration list for PBXProject "StoreSearch" */;
			compatibilityVersion = "Xcode 8.0";
			developmentRegion = en;
			hasScannedForEncodings = 0;
			knownRegions = (
				en,
				Base,
			);
			mainGroup = A5AF91A8201D00FB00BC68D5;
			productRefGroup = A5AF91B2201D00FB00BC68D5 /* Products */;
			projectDirPath = "";
			projectRoot = "";
			targets = (
				A5AF91B0201D00FB00BC68D5 /* StoreSearch */,
			);
		};
/* End PBXProject section */

/* Begin PBXResourcesBuildPhase section */
		A5AF91AF201D00FB00BC68D5 /* Resources */ = {
			isa = PBXResourcesBuildPhase;
			buildActionMask = 2147483647;
			files = (
				A5AF91BF201D00FB00BC68D5 /* LaunchScreen.storyboard in Resources */,
				A5AF91BC201D00FB00BC68D5 /* Assets.xcassets in Resources */,
				A5AF91C9201D815900BC68D5 /* SearchResultCell.xib in Resources */,
				A5AF91BA201D00FB00BC68D5 /* Main.storyboard in Resources */,
				A5AF91CD201E8B4B00BC68D5 /* NothingFoundCell.xib in Resources */,
			);
			runOnlyForDeploymentPostprocessing = 0;
		};
/* End PBXResourcesBuildPhase section */

/* Begin PBXSourcesBuildPhase section */
		A5AF91AD201D00FB00BC68D5 /* Sources */ = {
			isa = PBXSourcesBuildPhase;
			buildActionMask = 2147483647;
			files = (
				A5AF91B7201D00FB00BC68D5 /* SearchViewController.swift in Sources */,
				A5AF91C7201D185500BC68D5 /* SearchResult.swift in Sources */,
				A5AF91CB201D8E7300BC68D5 /* SearchResultCell.swift in Sources */,
				A51A5F9A201EDB9400803B61 /* Alert.swift in Sources */,
				A5AF91B5201D00FB00BC68D5 /* AppDelegate.swift in Sources */,
			);
			runOnlyForDeploymentPostprocessing = 0;
		};
/* End PBXSourcesBuildPhase section */

/* Begin PBXVariantGroup section */
		A5AF91B8201D00FB00BC68D5 /* Main.storyboard */ = {
			isa = PBXVariantGroup;
			children = (
				A5AF91B9201D00FB00BC68D5 /* Base */,
			);
			name = Main.storyboard;
			sourceTree = "<group>";
		};
		A5AF91BD201D00FB00BC68D5 /* LaunchScreen.storyboard */ = {
			isa = PBXVariantGroup;
			children = (
				A5AF91BE201D00FB00BC68D5 /* Base */,
			);
			name = LaunchScreen.storyboard;
			sourceTree = "<group>";
		};
/* End PBXVariantGroup section */

/* Begin XCBuildConfiguration section */
		A5AF91C1201D00FB00BC68D5 /* Debug */ = {
			isa = XCBuildConfiguration;
			buildSettings = {
				ALWAYS_SEARCH_USER_PATHS = NO;
				CLANG_ANALYZER_NONNULL = YES;
				CLANG_ANALYZER_NUMBER_OBJECT_CONVERSION = YES_AGGRESSIVE;
				CLANG_CXX_LANGUAGE_STANDARD = "gnu++14";
				CLANG_CXX_LIBRARY = "libc++";
				CLANG_ENABLE_MODULES = YES;
				CLANG_ENABLE_OBJC_ARC = YES;
				CLANG_WARN_BLOCK_CAPTURE_AUTORELEASING = YES;
				CLANG_WARN_BOOL_CONVERSION = YES;
				CLANG_WARN_COMMA = YES;
				CLANG_WARN_CONSTANT_CONVERSION = YES;
				CLANG_WARN_DIRECT_OBJC_ISA_USAGE = YES_ERROR;
				CLANG_WARN_DOCUMENTATION_COMMENTS = YES;
				CLANG_WARN_EMPTY_BODY = YES;
				CLANG_WARN_ENUM_CONVERSION = YES;
				CLANG_WARN_INFINITE_RECURSION = YES;
				CLANG_WARN_INT_CONVERSION = YES;
				CLANG_WARN_NON_LITERAL_NULL_CONVERSION = YES;
				CLANG_WARN_OBJC_LITERAL_CONVERSION = YES;
				CLANG_WARN_OBJC_ROOT_CLASS = YES_ERROR;
				CLANG_WARN_RANGE_LOOP_ANALYSIS = YES;
				CLANG_WARN_STRICT_PROTOTYPES = YES;
				CLANG_WARN_SUSPICIOUS_MOVE = YES;
				CLANG_WARN_UNGUARDED_AVAILABILITY = YES_AGGRESSIVE;
				CLANG_WARN_UNREACHABLE_CODE = YES;
				CLANG_WARN__DUPLICATE_METHOD_MATCH = YES;
				CODE_SIGN_IDENTITY = "iPhone Developer";
				COPY_PHASE_STRIP = NO;
				DEBUG_INFORMATION_FORMAT = dwarf;
				ENABLE_STRICT_OBJC_MSGSEND = YES;
				ENABLE_TESTABILITY = YES;
				GCC_C_LANGUAGE_STANDARD = gnu11;
				GCC_DYNAMIC_NO_PIC = NO;
				GCC_NO_COMMON_BLOCKS = YES;
				GCC_OPTIMIZATION_LEVEL = 0;
				GCC_PREPROCESSOR_DEFINITIONS = (
					"DEBUG=1",
					"$(inherited)",
				);
				GCC_WARN_64_TO_32_BIT_CONVERSION = YES;
				GCC_WARN_ABOUT_RETURN_TYPE = YES_ERROR;
				GCC_WARN_UNDECLARED_SELECTOR = YES;
				GCC_WARN_UNINITIALIZED_AUTOS = YES_AGGRESSIVE;
				GCC_WARN_UNUSED_FUNCTION = YES;
				GCC_WARN_UNUSED_VARIABLE = YES;
				IPHONEOS_DEPLOYMENT_TARGET = 11.2;
				MTL_ENABLE_DEBUG_INFO = YES;
				ONLY_ACTIVE_ARCH = YES;
				SDKROOT = iphoneos;
				SWIFT_ACTIVE_COMPILATION_CONDITIONS = DEBUG;
				SWIFT_OPTIMIZATION_LEVEL = "-Onone";
			};
			name = Debug;
		};
		A5AF91C2201D00FB00BC68D5 /* Release */ = {
			isa = XCBuildConfiguration;
			buildSettings = {
				ALWAYS_SEARCH_USER_PATHS = NO;
				CLANG_ANALYZER_NONNULL = YES;
				CLANG_ANALYZER_NUMBER_OBJECT_CONVERSION = YES_AGGRESSIVE;
				CLANG_CXX_LANGUAGE_STANDARD = "gnu++14";
				CLANG_CXX_LIBRARY = "libc++";
				CLANG_ENABLE_MODULES = YES;
				CLANG_ENABLE_OBJC_ARC = YES;
				CLANG_WARN_BLOCK_CAPTURE_AUTORELEASING = YES;
				CLANG_WARN_BOOL_CONVERSION = YES;
				CLANG_WARN_COMMA = YES;
				CLANG_WARN_CONSTANT_CONVERSION = YES;
				CLANG_WARN_DIRECT_OBJC_ISA_USAGE = YES_ERROR;
				CLANG_WARN_DOCUMENTATION_COMMENTS = YES;
				CLANG_WARN_EMPTY_BODY = YES;
				CLANG_WARN_ENUM_CONVERSION = YES;
				CLANG_WARN_INFINITE_RECURSION = YES;
				CLANG_WARN_INT_CONVERSION = YES;
				CLANG_WARN_NON_LITERAL_NULL_CONVERSION = YES;
				CLANG_WARN_OBJC_LITERAL_CONVERSION = YES;
				CLANG_WARN_OBJC_ROOT_CLASS = YES_ERROR;
				CLANG_WARN_RANGE_LOOP_ANALYSIS = YES;
				CLANG_WARN_STRICT_PROTOTYPES = YES;
				CLANG_WARN_SUSPICIOUS_MOVE = YES;
				CLANG_WARN_UNGUARDED_AVAILABILITY = YES_AGGRESSIVE;
				CLANG_WARN_UNREACHABLE_CODE = YES;
				CLANG_WARN__DUPLICATE_METHOD_MATCH = YES;
				CODE_SIGN_IDENTITY = "iPhone Developer";
				COPY_PHASE_STRIP = NO;
				DEBUG_INFORMATION_FORMAT = "dwarf-with-dsym";
				ENABLE_NS_ASSERTIONS = NO;
				ENABLE_STRICT_OBJC_MSGSEND = YES;
				GCC_C_LANGUAGE_STANDARD = gnu11;
				GCC_NO_COMMON_BLOCKS = YES;
				GCC_WARN_64_TO_32_BIT_CONVERSION = YES;
				GCC_WARN_ABOUT_RETURN_TYPE = YES_ERROR;
				GCC_WARN_UNDECLARED_SELECTOR = YES;
				GCC_WARN_UNINITIALIZED_AUTOS = YES_AGGRESSIVE;
				GCC_WARN_UNUSED_FUNCTION = YES;
				GCC_WARN_UNUSED_VARIABLE = YES;
				IPHONEOS_DEPLOYMENT_TARGET = 11.2;
				MTL_ENABLE_DEBUG_INFO = NO;
				SDKROOT = iphoneos;
				SWIFT_OPTIMIZATION_LEVEL = "-Owholemodule";
				VALIDATE_PRODUCT = YES;
			};
			name = Release;
		};
		A5AF91C4201D00FB00BC68D5 /* Debug */ = {
			isa = XCBuildConfiguration;
			buildSettings = {
				ASSETCATALOG_COMPILER_APPICON_NAME = AppIcon;
				CODE_SIGN_STYLE = Automatic;
				DEVELOPMENT_TEAM = BDVS636UPQ;
				INFOPLIST_FILE = StoreSearch/Info.plist;
				LD_RUNPATH_SEARCH_PATHS = "$(inherited) @executable_path/Frameworks";
				PRODUCT_BUNDLE_IDENTIFIER = rmao.StoreSearch;
				PRODUCT_NAME = "$(TARGET_NAME)";
				SWIFT_VERSION = 4.0;
				TARGETED_DEVICE_FAMILY = "1,2";
			};
			name = Debug;
		};
		A5AF91C5201D00FB00BC68D5 /* Release */ = {
			isa = XCBuildConfiguration;
			buildSettings = {
				ASSETCATALOG_COMPILER_APPICON_NAME = AppIcon;
				CODE_SIGN_STYLE = Automatic;
				DEVELOPMENT_TEAM = BDVS636UPQ;
				INFOPLIST_FILE = StoreSearch/Info.plist;
				LD_RUNPATH_SEARCH_PATHS = "$(inherited) @executable_path/Frameworks";
				PRODUCT_BUNDLE_IDENTIFIER = rmao.StoreSearch;
				PRODUCT_NAME = "$(TARGET_NAME)";
				SWIFT_VERSION = 4.0;
				TARGETED_DEVICE_FAMILY = "1,2";
			};
			name = Release;
		};
/* End XCBuildConfiguration section */

/* Begin XCConfigurationList section */
		A5AF91AC201D00FB00BC68D5 /* Build configuration list for PBXProject "StoreSearch" */ = {
			isa = XCConfigurationList;
			buildConfigurations = (
				A5AF91C1201D00FB00BC68D5 /* Debug */,
				A5AF91C2201D00FB00BC68D5 /* Release */,
			);
			defaultConfigurationIsVisible = 0;
			defaultConfigurationName = Release;
		};
		A5AF91C3201D00FB00BC68D5 /* Build configuration list for PBXNativeTarget "StoreSearch" */ = {
			isa = XCConfigurationList;
			buildConfigurations = (
				A5AF91C4201D00FB00BC68D5 /* Debug */,
				A5AF91C5201D00FB00BC68D5 /* Release */,
			);
			defaultConfigurationIsVisible = 0;
			defaultConfigurationName = Release;
		};
/* End XCConfigurationList section */
	};
	rootObject = A5AF91A9201D00FB00BC68D5 /* Project object */;
}
